// !$*UTF8*$!
{
	archiveVersion = 1;
	classes = {
	};
	objectVersion = 56;
	objects = {

/* Begin PBXBuildFile section */
		F248290B2ABA146F007CBCD0 /* vance_currency_converterApp.swift in Sources */ = {isa = PBXBuildFile; fileRef = F248290A2ABA146F007CBCD0 /* vance_currency_converterApp.swift */; };
		F248290F2ABA1471007CBCD0 /* Assets.xcassets in Resources */ = {isa = PBXBuildFile; fileRef = F248290E2ABA1471007CBCD0 /* Assets.xcassets */; };
		F24829122ABA1471007CBCD0 /* Preview Assets.xcassets in Resources */ = {isa = PBXBuildFile; fileRef = F24829112ABA1471007CBCD0 /* Preview Assets.xcassets */; };
		F248291F2ABA14D9007CBCD0 /* APIClient.swift in Sources */ = {isa = PBXBuildFile; fileRef = F248291E2ABA14D9007CBCD0 /* APIClient.swift */; };
		F24829282ABA1ADB007CBCD0 /* HomeScreen.swift in Sources */ = {isa = PBXBuildFile; fileRef = F24829272ABA1ADB007CBCD0 /* HomeScreen.swift */; };
		F248292B2ABA1AEB007CBCD0 /* HomeScreenVM.swift in Sources */ = {isa = PBXBuildFile; fileRef = F248292A2ABA1AEB007CBCD0 /* HomeScreenVM.swift */; };
		F248292E2ABA1E80007CBCD0 /* Request.swift in Sources */ = {isa = PBXBuildFile; fileRef = F248292D2ABA1E80007CBCD0 /* Request.swift */; };
		F24829312ABA206E007CBCD0 /* APIRepository.swift in Sources */ = {isa = PBXBuildFile; fileRef = F24829302ABA206E007CBCD0 /* APIRepository.swift */; };
		F24829332ABA2117007CBCD0 /* LatestRateResponse.swift in Sources */ = {isa = PBXBuildFile; fileRef = F24829322ABA2117007CBCD0 /* LatestRateResponse.swift */; };
		F24829352ABA247C007CBCD0 /* ConvertedCurrencyResponse.swift in Sources */ = {isa = PBXBuildFile; fileRef = F24829342ABA247C007CBCD0 /* ConvertedCurrencyResponse.swift */; };
		F24829372ABB6698007CBCD0 /* Status.swift in Sources */ = {isa = PBXBuildFile; fileRef = F24829362ABB6698007CBCD0 /* Status.swift */; };
		F24829392ABB6FF2007CBCD0 /* CurrencyConversionView.swift in Sources */ = {isa = PBXBuildFile; fileRef = F24829382ABB6FF2007CBCD0 /* CurrencyConversionView.swift */; };
		F248293B2ABB700A007CBCD0 /* CurrencyConversionHistoryView.swift in Sources */ = {isa = PBXBuildFile; fileRef = F248293A2ABB700A007CBCD0 /* CurrencyConversionHistoryView.swift */; };
		F248293F2ABB7258007CBCD0 /* CurrencyPickerView.swift in Sources */ = {isa = PBXBuildFile; fileRef = F248293E2ABB7258007CBCD0 /* CurrencyPickerView.swift */; };
		F24829422ABB7E36007CBCD0 /* ConversionHistoryItem.swift in Sources */ = {isa = PBXBuildFile; fileRef = F24829412ABB7E36007CBCD0 /* ConversionHistoryItem.swift */; };
/* End PBXBuildFile section */

/* Begin PBXFileReference section */
		F24829072ABA146F007CBCD0 /* vance-currency-converter.app */ = {isa = PBXFileReference; explicitFileType = wrapper.application; includeInIndex = 0; path = "vance-currency-converter.app"; sourceTree = BUILT_PRODUCTS_DIR; };
		F248290A2ABA146F007CBCD0 /* vance_currency_converterApp.swift */ = {isa = PBXFileReference; lastKnownFileType = sourcecode.swift; path = vance_currency_converterApp.swift; sourceTree = "<group>"; };
		F248290E2ABA1471007CBCD0 /* Assets.xcassets */ = {isa = PBXFileReference; lastKnownFileType = folder.assetcatalog; path = Assets.xcassets; sourceTree = "<group>"; };
		F24829112ABA1471007CBCD0 /* Preview Assets.xcassets */ = {isa = PBXFileReference; lastKnownFileType = folder.assetcatalog; path = "Preview Assets.xcassets"; sourceTree = "<group>"; };
		F248291E2ABA14D9007CBCD0 /* APIClient.swift */ = {isa = PBXFileReference; lastKnownFileType = sourcecode.swift; path = APIClient.swift; sourceTree = "<group>"; };
		F24829232ABA1A13007CBCD0 /* Info.plist */ = {isa = PBXFileReference; lastKnownFileType = text.plist.xml; path = Info.plist; sourceTree = "<group>"; };
		F24829272ABA1ADB007CBCD0 /* HomeScreen.swift */ = {isa = PBXFileReference; lastKnownFileType = sourcecode.swift; path = HomeScreen.swift; sourceTree = "<group>"; };
		F248292A2ABA1AEB007CBCD0 /* HomeScreenVM.swift */ = {isa = PBXFileReference; lastKnownFileType = sourcecode.swift; path = HomeScreenVM.swift; sourceTree = "<group>"; };
		F248292C2ABA1C58007CBCD0 /* Prod.xcconfig */ = {isa = PBXFileReference; lastKnownFileType = text.xcconfig; path = Prod.xcconfig; sourceTree = "<group>"; };
		F248292D2ABA1E80007CBCD0 /* Request.swift */ = {isa = PBXFileReference; lastKnownFileType = sourcecode.swift; path = Request.swift; sourceTree = "<group>"; };
		F24829302ABA206E007CBCD0 /* APIRepository.swift */ = {isa = PBXFileReference; lastKnownFileType = sourcecode.swift; path = APIRepository.swift; sourceTree = "<group>"; };
		F24829322ABA2117007CBCD0 /* LatestRateResponse.swift */ = {isa = PBXFileReference; lastKnownFileType = sourcecode.swift; path = LatestRateResponse.swift; sourceTree = "<group>"; };
		F24829342ABA247C007CBCD0 /* ConvertedCurrencyResponse.swift */ = {isa = PBXFileReference; lastKnownFileType = sourcecode.swift; path = ConvertedCurrencyResponse.swift; sourceTree = "<group>"; };
		F24829362ABB6698007CBCD0 /* Status.swift */ = {isa = PBXFileReference; lastKnownFileType = sourcecode.swift; path = Status.swift; sourceTree = "<group>"; };
		F24829382ABB6FF2007CBCD0 /* CurrencyConversionView.swift */ = {isa = PBXFileReference; lastKnownFileType = sourcecode.swift; path = CurrencyConversionView.swift; sourceTree = "<group>"; };
		F248293A2ABB700A007CBCD0 /* CurrencyConversionHistoryView.swift */ = {isa = PBXFileReference; lastKnownFileType = sourcecode.swift; path = CurrencyConversionHistoryView.swift; sourceTree = "<group>"; };
		F248293E2ABB7258007CBCD0 /* CurrencyPickerView.swift */ = {isa = PBXFileReference; lastKnownFileType = sourcecode.swift; path = CurrencyPickerView.swift; sourceTree = "<group>"; };
		F24829412ABB7E36007CBCD0 /* ConversionHistoryItem.swift */ = {isa = PBXFileReference; lastKnownFileType = sourcecode.swift; path = ConversionHistoryItem.swift; sourceTree = "<group>"; };
/* End PBXFileReference section */

/* Begin PBXFrameworksBuildPhase section */
		F24829042ABA146E007CBCD0 /* Frameworks */ = {
			isa = PBXFrameworksBuildPhase;
			buildActionMask = 2147483647;
			files = (
			);
			runOnlyForDeploymentPostprocessing = 0;
		};
/* End PBXFrameworksBuildPhase section */

/* Begin PBXGroup section */
		F24828FE2ABA146E007CBCD0 = {
			isa = PBXGroup;
			children = (
				F24829092ABA146F007CBCD0 /* vance-currency-converter */,
				F24829082ABA146F007CBCD0 /* Products */,
			);
			sourceTree = "<group>";
		};
		F24829082ABA146F007CBCD0 /* Products */ = {
			isa = PBXGroup;
			children = (
				F24829072ABA146F007CBCD0 /* vance-currency-converter.app */,
			);
			name = Products;
			sourceTree = "<group>";
		};
		F24829092ABA146F007CBCD0 /* vance-currency-converter */ = {
			isa = PBXGroup;
			children = (
				F24829202ABA17EF007CBCD0 /* App */,
				F248291B2ABA14B5007CBCD0 /* API */,
				F24829182ABA148A007CBCD0 /* Screens */,
				F248291A2ABA149A007CBCD0 /* Shared Components */,
				F24829192ABA1494007CBCD0 /* Utils */,
				F248290A2ABA146F007CBCD0 /* vance_currency_converterApp.swift */,
				F248290E2ABA1471007CBCD0 /* Assets.xcassets */,
				F24829102ABA1471007CBCD0 /* Preview Content */,
			);
			path = "vance-currency-converter";
			sourceTree = "<group>";
		};
		F24829102ABA1471007CBCD0 /* Preview Content */ = {
			isa = PBXGroup;
			children = (
				F24829112ABA1471007CBCD0 /* Preview Assets.xcassets */,
			);
			path = "Preview Content";
			sourceTree = "<group>";
		};
		F24829182ABA148A007CBCD0 /* Screens */ = {
			isa = PBXGroup;
			children = (
				F24829242ABA1AB6007CBCD0 /* HomeScreen */,
			);
			path = Screens;
			sourceTree = "<group>";
		};
		F24829192ABA1494007CBCD0 /* Utils */ = {
			isa = PBXGroup;
			children = (
			);
			path = Utils;
			sourceTree = "<group>";
		};
		F248291A2ABA149A007CBCD0 /* Shared Components */ = {
			isa = PBXGroup;
			children = (
			);
			path = "Shared Components";
			sourceTree = "<group>";
		};
		F248291B2ABA14B5007CBCD0 /* API */ = {
			isa = PBXGroup;
			children = (
				F248291D2ABA14C0007CBCD0 /* Models */,
				F248292F2ABA205C007CBCD0 /* Repository */,
				F248291C2ABA14B9007CBCD0 /* APIClient */,
			);
			path = API;
			sourceTree = "<group>";
		};
		F248291C2ABA14B9007CBCD0 /* APIClient */ = {
			isa = PBXGroup;
			children = (
				F248291E2ABA14D9007CBCD0 /* APIClient.swift */,
			);
			path = APIClient;
			sourceTree = "<group>";
		};
		F248291D2ABA14C0007CBCD0 /* Models */ = {
			isa = PBXGroup;
			children = (
				F248292D2ABA1E80007CBCD0 /* Request.swift */,
				F24829322ABA2117007CBCD0 /* LatestRateResponse.swift */,
				F24829342ABA247C007CBCD0 /* ConvertedCurrencyResponse.swift */,
				F24829362ABB6698007CBCD0 /* Status.swift */,
			);
			path = Models;
			sourceTree = "<group>";
		};
		F24829202ABA17EF007CBCD0 /* App */ = {
			isa = PBXGroup;
			children = (
				F24829232ABA1A13007CBCD0 /* Info.plist */,
				F248292C2ABA1C58007CBCD0 /* Prod.xcconfig */,
			);
			path = App;
			sourceTree = "<group>";
		};
		F24829242ABA1AB6007CBCD0 /* HomeScreen */ = {
			isa = PBXGroup;
			children = (
				F24829402ABB7E28007CBCD0 /* Model */,
				F24829292ABA1AE0007CBCD0 /* ViewModel */,
				F24829262ABA1AD0007CBCD0 /* Components */,
				F24829272ABA1ADB007CBCD0 /* HomeScreen.swift */,
			);
			path = HomeScreen;
			sourceTree = "<group>";
		};
		F24829262ABA1AD0007CBCD0 /* Components */ = {
			isa = PBXGroup;
			children = (
				F248293C2ABB723A007CBCD0 /* CurrencyConversionView */,
				F248293A2ABB700A007CBCD0 /* CurrencyConversionHistoryView.swift */,
			);
			path = Components;
			sourceTree = "<group>";
		};
		F24829292ABA1AE0007CBCD0 /* ViewModel */ = {
			isa = PBXGroup;
			children = (
				F248292A2ABA1AEB007CBCD0 /* HomeScreenVM.swift */,
			);
			path = ViewModel;
			sourceTree = "<group>";
		};
		F248292F2ABA205C007CBCD0 /* Repository */ = {
			isa = PBXGroup;
			children = (
				F24829302ABA206E007CBCD0 /* APIRepository.swift */,
			);
			path = Repository;
			sourceTree = "<group>";
		};
		F248293C2ABB723A007CBCD0 /* CurrencyConversionView */ = {
			isa = PBXGroup;
			children = (
				F248293D2ABB7246007CBCD0 /* Components */,
				F24829382ABB6FF2007CBCD0 /* CurrencyConversionView.swift */,
			);
			path = CurrencyConversionView;
			sourceTree = "<group>";
		};
		F248293D2ABB7246007CBCD0 /* Components */ = {
			isa = PBXGroup;
			children = (
				F248293E2ABB7258007CBCD0 /* CurrencyPickerView.swift */,
			);
			path = Components;
			sourceTree = "<group>";
		};
		F24829402ABB7E28007CBCD0 /* Model */ = {
			isa = PBXGroup;
			children = (
				F24829412ABB7E36007CBCD0 /* ConversionHistoryItem.swift */,
			);
			path = Model;
			sourceTree = "<group>";
		};
/* End PBXGroup section */

/* Begin PBXNativeTarget section */
		F24829062ABA146E007CBCD0 /* vance-currency-converter */ = {
			isa = PBXNativeTarget;
			buildConfigurationList = F24829152ABA1471007CBCD0 /* Build configuration list for PBXNativeTarget "vance-currency-converter" */;
			buildPhases = (
				F24829032ABA146E007CBCD0 /* Sources */,
				F24829042ABA146E007CBCD0 /* Frameworks */,
				F24829052ABA146E007CBCD0 /* Resources */,
			);
			buildRules = (
			);
			dependencies = (
			);
			name = "vance-currency-converter";
			productName = "vance-currency-converter";
			productReference = F24829072ABA146F007CBCD0 /* vance-currency-converter.app */;
			productType = "com.apple.product-type.application";
		};
/* End PBXNativeTarget section */

/* Begin PBXProject section */
		F24828FF2ABA146E007CBCD0 /* Project object */ = {
			isa = PBXProject;
			attributes = {
				BuildIndependentTargetsInParallel = 1;
				LastSwiftUpdateCheck = 1500;
				LastUpgradeCheck = 1500;
				TargetAttributes = {
					F24829062ABA146E007CBCD0 = {
						CreatedOnToolsVersion = 15.0;
					};
				};
			};
			buildConfigurationList = F24829022ABA146E007CBCD0 /* Build configuration list for PBXProject "vance-currency-converter" */;
			compatibilityVersion = "Xcode 14.0";
			developmentRegion = en;
			hasScannedForEncodings = 0;
			knownRegions = (
				en,
				Base,
			);
			mainGroup = F24828FE2ABA146E007CBCD0;
			productRefGroup = F24829082ABA146F007CBCD0 /* Products */;
			projectDirPath = "";
			projectRoot = "";
			targets = (
				F24829062ABA146E007CBCD0 /* vance-currency-converter */,
			);
		};
/* End PBXProject section */

/* Begin PBXResourcesBuildPhase section */
		F24829052ABA146E007CBCD0 /* Resources */ = {
			isa = PBXResourcesBuildPhase;
			buildActionMask = 2147483647;
			files = (
				F24829122ABA1471007CBCD0 /* Preview Assets.xcassets in Resources */,
				F248290F2ABA1471007CBCD0 /* Assets.xcassets in Resources */,
			);
			runOnlyForDeploymentPostprocessing = 0;
		};
/* End PBXResourcesBuildPhase section */

/* Begin PBXSourcesBuildPhase section */
		F24829032ABA146E007CBCD0 /* Sources */ = {
			isa = PBXSourcesBuildPhase;
			buildActionMask = 2147483647;
			files = (
				F24829282ABA1ADB007CBCD0 /* HomeScreen.swift in Sources */,
				F248292B2ABA1AEB007CBCD0 /* HomeScreenVM.swift in Sources */,
				F248292E2ABA1E80007CBCD0 /* Request.swift in Sources */,
				F248290B2ABA146F007CBCD0 /* vance_currency_converterApp.swift in Sources */,
				F248291F2ABA14D9007CBCD0 /* APIClient.swift in Sources */,
				F24829422ABB7E36007CBCD0 /* ConversionHistoryItem.swift in Sources */,
				F24829372ABB6698007CBCD0 /* Status.swift in Sources */,
				F24829312ABA206E007CBCD0 /* APIRepository.swift in Sources */,
				F248293F2ABB7258007CBCD0 /* CurrencyPickerView.swift in Sources */,
				F24829392ABB6FF2007CBCD0 /* CurrencyConversionView.swift in Sources */,
				F248293B2ABB700A007CBCD0 /* CurrencyConversionHistoryView.swift in Sources */,
				F24829352ABA247C007CBCD0 /* ConvertedCurrencyResponse.swift in Sources */,
				F24829332ABA2117007CBCD0 /* LatestRateResponse.swift in Sources */,
			);
			runOnlyForDeploymentPostprocessing = 0;
		};
/* End PBXSourcesBuildPhase section */

/* Begin XCBuildConfiguration section */
		F24829132ABA1471007CBCD0 /* Debug */ = {
			isa = XCBuildConfiguration;
			buildSettings = {
				ALWAYS_SEARCH_USER_PATHS = NO;
				ASSETCATALOG_COMPILER_GENERATE_SWIFT_ASSET_SYMBOL_EXTENSIONS = YES;
				CLANG_ANALYZER_NONNULL = YES;
				CLANG_ANALYZER_NUMBER_OBJECT_CONVERSION = YES_AGGRESSIVE;
				CLANG_CXX_LANGUAGE_STANDARD = "gnu++20";
				CLANG_ENABLE_MODULES = YES;
				CLANG_ENABLE_OBJC_ARC = YES;
				CLANG_ENABLE_OBJC_WEAK = YES;
				CLANG_WARN_BLOCK_CAPTURE_AUTORELEASING = YES;
				CLANG_WARN_BOOL_CONVERSION = YES;
				CLANG_WARN_COMMA = YES;
				CLANG_WARN_CONSTANT_CONVERSION = YES;
				CLANG_WARN_DEPRECATED_OBJC_IMPLEMENTATIONS = YES;
				CLANG_WARN_DIRECT_OBJC_ISA_USAGE = YES_ERROR;
				CLANG_WARN_DOCUMENTATION_COMMENTS = YES;
				CLANG_WARN_EMPTY_BODY = YES;
				CLANG_WARN_ENUM_CONVERSION = YES;
				CLANG_WARN_INFINITE_RECURSION = YES;
				CLANG_WARN_INT_CONVERSION = YES;
				CLANG_WARN_NON_LITERAL_NULL_CONVERSION = YES;
				CLANG_WARN_OBJC_IMPLICIT_RETAIN_SELF = YES;
				CLANG_WARN_OBJC_LITERAL_CONVERSION = YES;
				CLANG_WARN_OBJC_ROOT_CLASS = YES_ERROR;
				CLANG_WARN_QUOTED_INCLUDE_IN_FRAMEWORK_HEADER = YES;
				CLANG_WARN_RANGE_LOOP_ANALYSIS = YES;
				CLANG_WARN_STRICT_PROTOTYPES = YES;
				CLANG_WARN_SUSPICIOUS_MOVE = YES;
				CLANG_WARN_UNGUARDED_AVAILABILITY = YES_AGGRESSIVE;
				CLANG_WARN_UNREACHABLE_CODE = YES;
				CLANG_WARN__DUPLICATE_METHOD_MATCH = YES;
				COPY_PHASE_STRIP = NO;
				DEBUG_INFORMATION_FORMAT = dwarf;
				ENABLE_STRICT_OBJC_MSGSEND = YES;
				ENABLE_TESTABILITY = YES;
				ENABLE_USER_SCRIPT_SANDBOXING = YES;
				GCC_C_LANGUAGE_STANDARD = gnu17;
				GCC_DYNAMIC_NO_PIC = NO;
				GCC_NO_COMMON_BLOCKS = YES;
				GCC_OPTIMIZATION_LEVEL = 0;
				GCC_PREPROCESSOR_DEFINITIONS = (
					"DEBUG=1",
					"$(inherited)",
				);
				GCC_WARN_64_TO_32_BIT_CONVERSION = YES;
				GCC_WARN_ABOUT_RETURN_TYPE = YES_ERROR;
				GCC_WARN_UNDECLARED_SELECTOR = YES;
				GCC_WARN_UNINITIALIZED_AUTOS = YES_AGGRESSIVE;
				GCC_WARN_UNUSED_FUNCTION = YES;
				GCC_WARN_UNUSED_VARIABLE = YES;
				IPHONEOS_DEPLOYMENT_TARGET = 17.0;
				LOCALIZATION_PREFERS_STRING_CATALOGS = YES;
				MTL_ENABLE_DEBUG_INFO = INCLUDE_SOURCE;
				MTL_FAST_MATH = YES;
				ONLY_ACTIVE_ARCH = YES;
				SDKROOT = iphoneos;
				SWIFT_ACTIVE_COMPILATION_CONDITIONS = "DEBUG $(inherited)";
				SWIFT_OPTIMIZATION_LEVEL = "-Onone";
			};
			name = Debug;
		};
		F24829142ABA1471007CBCD0 /* Release */ = {
			isa = XCBuildConfiguration;
			buildSettings = {
				ALWAYS_SEARCH_USER_PATHS = NO;
				ASSETCATALOG_COMPILER_GENERATE_SWIFT_ASSET_SYMBOL_EXTENSIONS = YES;
				CLANG_ANALYZER_NONNULL = YES;
				CLANG_ANALYZER_NUMBER_OBJECT_CONVERSION = YES_AGGRESSIVE;
				CLANG_CXX_LANGUAGE_STANDARD = "gnu++20";
				CLANG_ENABLE_MODULES = YES;
				CLANG_ENABLE_OBJC_ARC = YES;
				CLANG_ENABLE_OBJC_WEAK = YES;
				CLANG_WARN_BLOCK_CAPTURE_AUTORELEASING = YES;
				CLANG_WARN_BOOL_CONVERSION = YES;
				CLANG_WARN_COMMA = YES;
				CLANG_WARN_CONSTANT_CONVERSION = YES;
				CLANG_WARN_DEPRECATED_OBJC_IMPLEMENTATIONS = YES;
				CLANG_WARN_DIRECT_OBJC_ISA_USAGE = YES_ERROR;
				CLANG_WARN_DOCUMENTATION_COMMENTS = YES;
				CLANG_WARN_EMPTY_BODY = YES;
				CLANG_WARN_ENUM_CONVERSION = YES;
				CLANG_WARN_INFINITE_RECURSION = YES;
				CLANG_WARN_INT_CONVERSION = YES;
				CLANG_WARN_NON_LITERAL_NULL_CONVERSION = YES;
				CLANG_WARN_OBJC_IMPLICIT_RETAIN_SELF = YES;
				CLANG_WARN_OBJC_LITERAL_CONVERSION = YES;
				CLANG_WARN_OBJC_ROOT_CLASS = YES_ERROR;
				CLANG_WARN_QUOTED_INCLUDE_IN_FRAMEWORK_HEADER = YES;
				CLANG_WARN_RANGE_LOOP_ANALYSIS = YES;
				CLANG_WARN_STRICT_PROTOTYPES = YES;
				CLANG_WARN_SUSPICIOUS_MOVE = YES;
				CLANG_WARN_UNGUARDED_AVAILABILITY = YES_AGGRESSIVE;
				CLANG_WARN_UNREACHABLE_CODE = YES;
				CLANG_WARN__DUPLICATE_METHOD_MATCH = YES;
				COPY_PHASE_STRIP = NO;
				DEBUG_INFORMATION_FORMAT = "dwarf-with-dsym";
				ENABLE_NS_ASSERTIONS = NO;
				ENABLE_STRICT_OBJC_MSGSEND = YES;
				ENABLE_USER_SCRIPT_SANDBOXING = YES;
				GCC_C_LANGUAGE_STANDARD = gnu17;
				GCC_NO_COMMON_BLOCKS = YES;
				GCC_WARN_64_TO_32_BIT_CONVERSION = YES;
				GCC_WARN_ABOUT_RETURN_TYPE = YES_ERROR;
				GCC_WARN_UNDECLARED_SELECTOR = YES;
				GCC_WARN_UNINITIALIZED_AUTOS = YES_AGGRESSIVE;
				GCC_WARN_UNUSED_FUNCTION = YES;
				GCC_WARN_UNUSED_VARIABLE = YES;
				IPHONEOS_DEPLOYMENT_TARGET = 17.0;
				LOCALIZATION_PREFERS_STRING_CATALOGS = YES;
				MTL_ENABLE_DEBUG_INFO = NO;
				MTL_FAST_MATH = YES;
				SDKROOT = iphoneos;
				SWIFT_COMPILATION_MODE = wholemodule;
				VALIDATE_PRODUCT = YES;
			};
			name = Release;
		};
		F24829162ABA1471007CBCD0 /* Debug */ = {
			isa = XCBuildConfiguration;
			baseConfigurationReference = F248292C2ABA1C58007CBCD0 /* Prod.xcconfig */;
			buildSettings = {
				ASSETCATALOG_COMPILER_APPICON_NAME = AppIcon;
				ASSETCATALOG_COMPILER_GLOBAL_ACCENT_COLOR_NAME = AccentColor;
				CODE_SIGN_STYLE = Automatic;
				CURRENT_PROJECT_VERSION = 1;
				DEVELOPMENT_ASSET_PATHS = "\"vance-currency-converter/Preview Content\"";
				DEVELOPMENT_TEAM = Z3BGLCCPGN;
				ENABLE_PREVIEWS = YES;
				GENERATE_INFOPLIST_FILE = YES;
				INFOPLIST_FILE = "vance-currency-converter/App/Info.plist";
				INFOPLIST_KEY_UIApplicationSceneManifest_Generation = YES;
				INFOPLIST_KEY_UIApplicationSupportsIndirectInputEvents = YES;
				INFOPLIST_KEY_UILaunchScreen_Generation = YES;
				INFOPLIST_KEY_UISupportedInterfaceOrientations_iPad = "UIInterfaceOrientationPortrait UIInterfaceOrientationPortraitUpsideDown UIInterfaceOrientationLandscapeLeft UIInterfaceOrientationLandscapeRight";
				INFOPLIST_KEY_UISupportedInterfaceOrientations_iPhone = "UIInterfaceOrientationPortrait UIInterfaceOrientationLandscapeLeft UIInterfaceOrientationLandscapeRight";
				LD_RUNPATH_SEARCH_PATHS = (
					"$(inherited)",
					"@executable_path/Frameworks",
				);
				MARKETING_VERSION = 1.0;
				PRODUCT_BUNDLE_IDENTIFIER = "com.raghavvashisht.vance-currency-converter";
				PRODUCT_NAME = "$(TARGET_NAME)";
				SWIFT_EMIT_LOC_STRINGS = YES;
				SWIFT_VERSION = 5.0;
				TARGETED_DEVICE_FAMILY = "1,2";
			};
			name = Debug;
		};
		F24829172ABA1471007CBCD0 /* Release */ = {
			isa = XCBuildConfiguration;
			baseConfigurationReference = F248292C2ABA1C58007CBCD0 /* Prod.xcconfig */;
			buildSettings = {
				ASSETCATALOG_COMPILER_APPICON_NAME = AppIcon;
				ASSETCATALOG_COMPILER_GLOBAL_ACCENT_COLOR_NAME = AccentColor;
				CODE_SIGN_STYLE = Automatic;
				CURRENT_PROJECT_VERSION = 1;
				DEVELOPMENT_ASSET_PATHS = "\"vance-currency-converter/Preview Content\"";
				DEVELOPMENT_TEAM = Z3BGLCCPGN;
				ENABLE_PREVIEWS = YES;
				GENERATE_INFOPLIST_FILE = YES;
				INFOPLIST_FILE = "vance-currency-converter/App/Info.plist";
				INFOPLIST_KEY_UIApplicationSceneManifest_Generation = YES;
				INFOPLIST_KEY_UIApplicationSupportsIndirectInputEvents = YES;
				INFOPLIST_KEY_UILaunchScreen_Generation = YES;
				INFOPLIST_KEY_UISupportedInterfaceOrientations_iPad = "UIInterfaceOrientationPortrait UIInterfaceOrientationPortraitUpsideDown UIInterfaceOrientationLandscapeLeft UIInterfaceOrientationLandscapeRight";
				INFOPLIST_KEY_UISupportedInterfaceOrientations_iPhone = "UIInterfaceOrientationPortrait UIInterfaceOrientationLandscapeLeft UIInterfaceOrientationLandscapeRight";
				LD_RUNPATH_SEARCH_PATHS = (
					"$(inherited)",
					"@executable_path/Frameworks",
				);
				MARKETING_VERSION = 1.0;
				PRODUCT_BUNDLE_IDENTIFIER = "com.raghavvashisht.vance-currency-converter";
				PRODUCT_NAME = "$(TARGET_NAME)";
				SWIFT_EMIT_LOC_STRINGS = YES;
				SWIFT_VERSION = 5.0;
				TARGETED_DEVICE_FAMILY = "1,2";
			};
			name = Release;
		};
/* End XCBuildConfiguration section */

/* Begin XCConfigurationList section */
		F24829022ABA146E007CBCD0 /* Build configuration list for PBXProject "vance-currency-converter" */ = {
			isa = XCConfigurationList;
			buildConfigurations = (
				F24829132ABA1471007CBCD0 /* Debug */,
				F24829142ABA1471007CBCD0 /* Release */,
			);
			defaultConfigurationIsVisible = 0;
			defaultConfigurationName = Release;
		};
		F24829152ABA1471007CBCD0 /* Build configuration list for PBXNativeTarget "vance-currency-converter" */ = {
			isa = XCConfigurationList;
			buildConfigurations = (
				F24829162ABA1471007CBCD0 /* Debug */,
				F24829172ABA1471007CBCD0 /* Release */,
			);
			defaultConfigurationIsVisible = 0;
			defaultConfigurationName = Release;
		};
/* End XCConfigurationList section */
	};
	rootObject = F24828FF2ABA146E007CBCD0 /* Project object */;
}
